
Microsoft Visual Studio Solution File, Format Version 12.00
# Visual Studio Version 17
VisualStudioVersion = 17.10.35013.160
MinimumVisualStudioVersion = 10.0.40219.1
Project("{FAE04EC0-301F-11D3-BF4B-00C04F79EFBC}") = "Array 1", "Array 1\Array 1.csproj", "{5122DFF2-E283-4C6F-B0B6-302D8848C492}"
EndProject
Global
	GlobalSection(SolutionConfigurationPlatforms) = preSolution
		Debug|Any CPU = Debug|Any CPU
		Release|Any CPU = Release|Any CPU
	EndGlobalSection
	GlobalSection(ProjectConfigurationPlatforms) = postSolution
		{5122DFF2-E283-4C6F-B0B6-302D8848C492}.Debug|Any CPU.ActiveCfg = Debug|Any CPU
		{5122DFF2-E283-4C6F-B0B6-302D8848C492}.Debug|Any CPU.Build.0 = Debug|Any CPU
		{5122DFF2-E283-4C6F-B0B6-302D8848C492}.Release|Any CPU.ActiveCfg = Release|Any CPU
		{5122DFF2-E283-4C6F-B0B6-302D8848C492}.Release|Any CPU.Build.0 = Release|Any CPU
	EndGlobalSection
	GlobalSection(SolutionProperties) = preSolution
		HideSolutionNode = FALSE
	EndGlobalSection
	GlobalSection(ExtensibilityGlobals) = postSolution
		SolutionGuid = {5F1A2B61-CE0C-47CD-A165-ED12FD544555}
	EndGlobalSection
EndGlobal
